
Microsoft Visual Studio Solution File, Format Version 12.00
# Visual Studio Version 17
VisualStudioVersion = 17.6.33815.320
MinimumVisualStudioVersion = 10.0.40219.1
Project("{FAE04EC0-301F-11D3-BF4B-00C04F79EFBC}") = "WebApp.768", "WebApp.768\WebApp.768.csproj", "{71CB979E-66B2-4419-B2D2-B16F4B428FD0}"
EndProject
Global
	GlobalSection(SolutionConfigurationPlatforms) = preSolution
		Debug|Any CPU = Debug|Any CPU
		Release|Any CPU = Release|Any CPU
	EndGlobalSection
	GlobalSection(ProjectConfigurationPlatforms) = postSolution
		{71CB979E-66B2-4419-B2D2-B16F4B428FD0}.Debug|Any CPU.ActiveCfg = Debug|Any CPU
		{71CB979E-66B2-4419-B2D2-B16F4B428FD0}.Debug|Any CPU.Build.0 = Debug|Any CPU
		{71CB979E-66B2-4419-B2D2-B16F4B428FD0}.Release|Any CPU.ActiveCfg = Release|Any CPU
		{71CB979E-66B2-4419-B2D2-B16F4B428FD0}.Release|Any CPU.Build.0 = Release|Any CPU
	EndGlobalSection
	GlobalSection(SolutionProperties) = preSolution
		HideSolutionNode = FALSE
	EndGlobalSection
	GlobalSection(ExtensibilityGlobals) = postSolution
		SolutionGuid = {40F5E32F-C257-400B-869A-00C193FA40A2}
	EndGlobalSection
EndGlobal
